
Microsoft Visual Studio Solution File, Format Version 12.00
# Visual Studio 15
VisualStudioVersion = 15.0.28307.779
MinimumVisualStudioVersion = 10.0.40219.1
Project("{FAE04EC0-301F-11D3-BF4B-00C04F79EFBC}") = "JenkinsConsoleApp", "JenkinsConsoleApp\JenkinsConsoleApp.csproj", "{63836E23-6307-4EE9-A85E-18B90F5AEDAC}"
EndProject
Global
	GlobalSection(SolutionConfigurationPlatforms) = preSolution
		Debug|Any CPU = Debug|Any CPU
		Release|Any CPU = Release|Any CPU
	EndGlobalSection
	GlobalSection(ProjectConfigurationPlatforms) = postSolution
		{63836E23-6307-4EE9-A85E-18B90F5AEDAC}.Debug|Any CPU.ActiveCfg = Debug|Any CPU
		{63836E23-6307-4EE9-A85E-18B90F5AEDAC}.Debug|Any CPU.Build.0 = Debug|Any CPU
		{63836E23-6307-4EE9-A85E-18B90F5AEDAC}.Release|Any CPU.ActiveCfg = Release|Any CPU
		{63836E23-6307-4EE9-A85E-18B90F5AEDAC}.Release|Any CPU.Build.0 = Release|Any CPU
	EndGlobalSection
	GlobalSection(SolutionProperties) = preSolution
		HideSolutionNode = FALSE
	EndGlobalSection
	GlobalSection(ExtensibilityGlobals) = postSolution
		SolutionGuid = {4F7A418A-E8A4-4FA4-A819-84AF1628EBF3}
	EndGlobalSection
EndGlobal
